
Microsoft Visual Studio Solution File, Format Version 12.00
# Visual Studio Version 17
VisualStudioVersion = 17.14.36518.9 d17.14
MinimumVisualStudioVersion = 10.0.40219.1
Project("{FAE04EC0-301F-11D3-BF4B-00C04F79EFBC}") = "JJKPP", "JJKPP\JJKPP.csproj", "{F7B3F90B-2CF7-4BB4-BE8C-D1D17101F6A5}"
EndProject
Project("{FAE04EC0-301F-11D3-BF4B-00C04F79EFBC}") = "OffsetFinder", "OffsetFinder\OffsetFinder.csproj", "{D2577E05-DA95-470D-A359-49B52CA2AC43}"
EndProject
Global
	GlobalSection(SolutionConfigurationPlatforms) = preSolution
		Debug|Any CPU = Debug|Any CPU
		Release|Any CPU = Release|Any CPU
	EndGlobalSection
	GlobalSection(ProjectConfigurationPlatforms) = postSolution
		{F7B3F90B-2CF7-4BB4-BE8C-D1D17101F6A5}.Debug|Any CPU.ActiveCfg = Debug|Any CPU
		{F7B3F90B-2CF7-4BB4-BE8C-D1D17101F6A5}.Debug|Any CPU.Build.0 = Debug|Any CPU
		{F7B3F90B-2CF7-4BB4-BE8C-D1D17101F6A5}.Release|Any CPU.ActiveCfg = Release|Any CPU
		{F7B3F90B-2CF7-4BB4-BE8C-D1D17101F6A5}.Release|Any CPU.Build.0 = Release|Any CPU
		{D2577E05-DA95-470D-A359-49B52CA2AC43}.Debug|Any CPU.ActiveCfg = Debug|Any CPU
		{D2577E05-DA95-470D-A359-49B52CA2AC43}.Debug|Any CPU.Build.0 = Debug|Any CPU
		{D2577E05-DA95-470D-A359-49B52CA2AC43}.Release|Any CPU.ActiveCfg = Release|Any CPU
		{D2577E05-DA95-470D-A359-49B52CA2AC43}.Release|Any CPU.Build.0 = Release|Any CPU
	EndGlobalSection
	GlobalSection(SolutionProperties) = preSolution
		HideSolutionNode = FALSE
	EndGlobalSection
	GlobalSection(ExtensibilityGlobals) = postSolution
		SolutionGuid = {1D1B2905-ED17-4809-83C8-5D963D0AB752}
	EndGlobalSection
EndGlobal
